
Microsoft Visual Studio Solution File, Format Version 12.00
# Visual Studio 15
VisualStudioVersion = 15.0.27130.2010
MinimumVisualStudioVersion = 10.0.40219.1
Project("{8BC9CEB8-8B4A-11D0-8D11-00A0C91BC942}") = "WindowsProject1", "WindowsProject1\WindowsProject1.vcxproj", "{3E520782-5A14-45AD-9FB6-6FD1B58821BC}"
EndProject
Global
	GlobalSection(SolutionConfigurationPlatforms) = preSolution
		Debug|x64 = Debug|x64
		Debug|x86 = Debug|x86
		Release|x64 = Release|x64
		Release|x86 = Release|x86
	EndGlobalSection
	GlobalSection(ProjectConfigurationPlatforms) = postSolution
		{3E520782-5A14-45AD-9FB6-6FD1B58821BC}.Debug|x64.ActiveCfg = Debug|x64
		{3E520782-5A14-45AD-9FB6-6FD1B58821BC}.Debug|x64.Build.0 = Debug|x64
		{3E520782-5A14-45AD-9FB6-6FD1B58821BC}.Debug|x86.ActiveCfg = Debug|Win32
		{3E520782-5A14-45AD-9FB6-6FD1B58821BC}.Debug|x86.Build.0 = Debug|Win32
		{3E520782-5A14-45AD-9FB6-6FD1B58821BC}.Release|x64.ActiveCfg = Release|x64
		{3E520782-5A14-45AD-9FB6-6FD1B58821BC}.Release|x64.Build.0 = Release|x64
		{3E520782-5A14-45AD-9FB6-6FD1B58821BC}.Release|x86.ActiveCfg = Release|Win32
		{3E520782-5A14-45AD-9FB6-6FD1B58821BC}.Release|x86.Build.0 = Release|Win32
	EndGlobalSection
	GlobalSection(SolutionProperties) = preSolution
		HideSolutionNode = FALSE
	EndGlobalSection
	GlobalSection(ExtensibilityGlobals) = postSolution
		SolutionGuid = {AF4D7F0E-CEAD-4F0C-8527-CA6A47516343}
	EndGlobalSection
EndGlobal
